
Microsoft Visual Studio Solution File, Format Version 12.00
# Visual Studio 15
VisualStudioVersion = 15.0.26124.0
MinimumVisualStudioVersion = 15.0.26124.0
Project("{2150E333-8FDC-42A3-9474-1A3956D46DE8}") = "src", "src", "{D4467207-89C9-4735-9F25-9ACC5EED155C}"
EndProject
Project("{FAE04EC0-301F-11D3-BF4B-00C04F79EFBC}") = "Xunit.DataAttributes", "src\Xunit.DataAttributes\Xunit.DataAttributes.csproj", "{F4FADB8D-F55A-483A-B29B-BF8BD022FE2B}"
EndProject
Project("{2150E333-8FDC-42A3-9474-1A3956D46DE8}") = "tests", "tests", "{2D429D36-4660-4F5E-BC41-86A77946DA10}"
EndProject
Project("{FAE04EC0-301F-11D3-BF4B-00C04F79EFBC}") = "Xunit.DataAttributes.Tests", "tests\Xunit.DataAttributes.Tests\Xunit.DataAttributes.Tests.csproj", "{D06527E9-FAD5-417E-AB54-8D27A3742E14}"
EndProject
Global
	GlobalSection(SolutionConfigurationPlatforms) = preSolution
		Debug|Any CPU = Debug|Any CPU
		Debug|x64 = Debug|x64
		Debug|x86 = Debug|x86
		Release|Any CPU = Release|Any CPU
		Release|x64 = Release|x64
		Release|x86 = Release|x86
	EndGlobalSection
	GlobalSection(SolutionProperties) = preSolution
		HideSolutionNode = FALSE
	EndGlobalSection
	GlobalSection(ProjectConfigurationPlatforms) = postSolution
		{F4FADB8D-F55A-483A-B29B-BF8BD022FE2B}.Debug|Any CPU.ActiveCfg = Debug|Any CPU
		{F4FADB8D-F55A-483A-B29B-BF8BD022FE2B}.Debug|Any CPU.Build.0 = Debug|Any CPU
		{F4FADB8D-F55A-483A-B29B-BF8BD022FE2B}.Debug|x64.ActiveCfg = Debug|Any CPU
		{F4FADB8D-F55A-483A-B29B-BF8BD022FE2B}.Debug|x64.Build.0 = Debug|Any CPU
		{F4FADB8D-F55A-483A-B29B-BF8BD022FE2B}.Debug|x86.ActiveCfg = Debug|Any CPU
		{F4FADB8D-F55A-483A-B29B-BF8BD022FE2B}.Debug|x86.Build.0 = Debug|Any CPU
		{F4FADB8D-F55A-483A-B29B-BF8BD022FE2B}.Release|Any CPU.ActiveCfg = Release|Any CPU
		{F4FADB8D-F55A-483A-B29B-BF8BD022FE2B}.Release|Any CPU.Build.0 = Release|Any CPU
		{F4FADB8D-F55A-483A-B29B-BF8BD022FE2B}.Release|x64.ActiveCfg = Release|Any CPU
		{F4FADB8D-F55A-483A-B29B-BF8BD022FE2B}.Release|x64.Build.0 = Release|Any CPU
		{F4FADB8D-F55A-483A-B29B-BF8BD022FE2B}.Release|x86.ActiveCfg = Release|Any CPU
		{F4FADB8D-F55A-483A-B29B-BF8BD022FE2B}.Release|x86.Build.0 = Release|Any CPU
		{D06527E9-FAD5-417E-AB54-8D27A3742E14}.Debug|Any CPU.ActiveCfg = Debug|Any CPU
		{D06527E9-FAD5-417E-AB54-8D27A3742E14}.Debug|Any CPU.Build.0 = Debug|Any CPU
		{D06527E9-FAD5-417E-AB54-8D27A3742E14}.Debug|x64.ActiveCfg = Debug|Any CPU
		{D06527E9-FAD5-417E-AB54-8D27A3742E14}.Debug|x64.Build.0 = Debug|Any CPU
		{D06527E9-FAD5-417E-AB54-8D27A3742E14}.Debug|x86.ActiveCfg = Debug|Any CPU
		{D06527E9-FAD5-417E-AB54-8D27A3742E14}.Debug|x86.Build.0 = Debug|Any CPU
		{D06527E9-FAD5-417E-AB54-8D27A3742E14}.Release|Any CPU.ActiveCfg = Release|Any CPU
		{D06527E9-FAD5-417E-AB54-8D27A3742E14}.Release|Any CPU.Build.0 = Release|Any CPU
		{D06527E9-FAD5-417E-AB54-8D27A3742E14}.Release|x64.ActiveCfg = Release|Any CPU
		{D06527E9-FAD5-417E-AB54-8D27A3742E14}.Release|x64.Build.0 = Release|Any CPU
		{D06527E9-FAD5-417E-AB54-8D27A3742E14}.Release|x86.ActiveCfg = Release|Any CPU
		{D06527E9-FAD5-417E-AB54-8D27A3742E14}.Release|x86.Build.0 = Release|Any CPU
	EndGlobalSection
	GlobalSection(NestedProjects) = preSolution
		{F4FADB8D-F55A-483A-B29B-BF8BD022FE2B} = {D4467207-89C9-4735-9F25-9ACC5EED155C}
		{D06527E9-FAD5-417E-AB54-8D27A3742E14} = {2D429D36-4660-4F5E-BC41-86A77946DA10}
	EndGlobalSection
EndGlobal
